
Microsoft Visual Studio Solution File, Format Version 12.00
# Visual Studio Version 16
VisualStudioVersion = 16.0.31112.23
MinimumVisualStudioVersion = 10.0.40219.1
Project("{9A19103F-16F7-4668-BE54-9A1E7A4F7556}") = "SimpleCreditCalculator", "SimpleCreditCalculator\SimpleCreditCalculator.csproj", "{D2458A7F-CF5E-4B83-945F-1DD7703A6C8A}"
EndProject
Project("{9A19103F-16F7-4668-BE54-9A1E7A4F7556}") = "ApiClientConsole", "ApiClientConsole\ApiClientConsole.csproj", "{9692853D-60D9-4C75-B7DB-88AB11F391EE}"
EndProject
Project("{9A19103F-16F7-4668-BE54-9A1E7A4F7556}") = "SimpleCreditCalculator.Models", "SimpleCreditCalculator.Models\SimpleCreditCalculator.Models.csproj", "{D317024B-BF5D-42F8-9496-3D0D7F73D908}"
EndProject
Project("{FAE04EC0-301F-11D3-BF4B-00C04F79EFBC}") = "SimpleCreditCalculator.BL", "SimpleCreditCalculator.BL\SimpleCreditCalculator.BL\SimpleCreditCalculator.BL.csproj", "{7E7C1A42-6C4C-4A15-A2BB-0C02E01A7800}"
EndProject
Global
	GlobalSection(SolutionConfigurationPlatforms) = preSolution
		Debug|Any CPU = Debug|Any CPU
		Release|Any CPU = Release|Any CPU
	EndGlobalSection
	GlobalSection(ProjectConfigurationPlatforms) = postSolution
		{D2458A7F-CF5E-4B83-945F-1DD7703A6C8A}.Debug|Any CPU.ActiveCfg = Debug|Any CPU
		{D2458A7F-CF5E-4B83-945F-1DD7703A6C8A}.Debug|Any CPU.Build.0 = Debug|Any CPU
		{D2458A7F-CF5E-4B83-945F-1DD7703A6C8A}.Release|Any CPU.ActiveCfg = Release|Any CPU
		{D2458A7F-CF5E-4B83-945F-1DD7703A6C8A}.Release|Any CPU.Build.0 = Release|Any CPU
		{9692853D-60D9-4C75-B7DB-88AB11F391EE}.Debug|Any CPU.ActiveCfg = Debug|Any CPU
		{9692853D-60D9-4C75-B7DB-88AB11F391EE}.Debug|Any CPU.Build.0 = Debug|Any CPU
		{9692853D-60D9-4C75-B7DB-88AB11F391EE}.Release|Any CPU.ActiveCfg = Release|Any CPU
		{9692853D-60D9-4C75-B7DB-88AB11F391EE}.Release|Any CPU.Build.0 = Release|Any CPU
		{D317024B-BF5D-42F8-9496-3D0D7F73D908}.Debug|Any CPU.ActiveCfg = Debug|Any CPU
		{D317024B-BF5D-42F8-9496-3D0D7F73D908}.Debug|Any CPU.Build.0 = Debug|Any CPU
		{D317024B-BF5D-42F8-9496-3D0D7F73D908}.Release|Any CPU.ActiveCfg = Release|Any CPU
		{D317024B-BF5D-42F8-9496-3D0D7F73D908}.Release|Any CPU.Build.0 = Release|Any CPU
		{7E7C1A42-6C4C-4A15-A2BB-0C02E01A7800}.Debug|Any CPU.ActiveCfg = Debug|Any CPU
		{7E7C1A42-6C4C-4A15-A2BB-0C02E01A7800}.Debug|Any CPU.Build.0 = Debug|Any CPU
		{7E7C1A42-6C4C-4A15-A2BB-0C02E01A7800}.Release|Any CPU.ActiveCfg = Release|Any CPU
		{7E7C1A42-6C4C-4A15-A2BB-0C02E01A7800}.Release|Any CPU.Build.0 = Release|Any CPU
	EndGlobalSection
	GlobalSection(SolutionProperties) = preSolution
		HideSolutionNode = FALSE
	EndGlobalSection
	GlobalSection(ExtensibilityGlobals) = postSolution
		SolutionGuid = {E37945D1-6D04-4CB6-9361-A8107EEDB21B}
	EndGlobalSection
EndGlobal
